
Microsoft Visual Studio Solution File, Format Version 12.00
# Visual Studio Version 16
VisualStudioVersion = 16.0.28803.352
MinimumVisualStudioVersion = 10.0.40219.1
Project("{9A19103F-16F7-4668-BE54-9A1E7A4F7556}") = "MyReflection", "MyReflection\MyReflection.csproj", "{A295D59E-869D-4048-9DB1-D4748DEAB75E}"
EndProject
Project("{9A19103F-16F7-4668-BE54-9A1E7A4F7556}") = "Project.DB.MySql", "Project.DB.MySql\Project.DB.MySql.csproj", "{A4871924-D93E-46A7-929E-E75073095842}"
EndProject
Project("{FAE04EC0-301F-11D3-BF4B-00C04F79EFBC}") = "Project.DB.Interface", "Project.DB.Interface\Project.DB.Interface.csproj", "{85A0ECC5-E5D3-4F1E-A45B-9F5FF0AA3EE0}"
EndProject
Global
	GlobalSection(SolutionConfigurationPlatforms) = preSolution
		Debug|Any CPU = Debug|Any CPU
		Release|Any CPU = Release|Any CPU
	EndGlobalSection
	GlobalSection(ProjectConfigurationPlatforms) = postSolution
		{A295D59E-869D-4048-9DB1-D4748DEAB75E}.Debug|Any CPU.ActiveCfg = Debug|Any CPU
		{A295D59E-869D-4048-9DB1-D4748DEAB75E}.Debug|Any CPU.Build.0 = Debug|Any CPU
		{A295D59E-869D-4048-9DB1-D4748DEAB75E}.Release|Any CPU.ActiveCfg = Release|Any CPU
		{A295D59E-869D-4048-9DB1-D4748DEAB75E}.Release|Any CPU.Build.0 = Release|Any CPU
		{A4871924-D93E-46A7-929E-E75073095842}.Debug|Any CPU.ActiveCfg = Debug|Any CPU
		{A4871924-D93E-46A7-929E-E75073095842}.Debug|Any CPU.Build.0 = Debug|Any CPU
		{A4871924-D93E-46A7-929E-E75073095842}.Release|Any CPU.ActiveCfg = Release|Any CPU
		{A4871924-D93E-46A7-929E-E75073095842}.Release|Any CPU.Build.0 = Release|Any CPU
		{85A0ECC5-E5D3-4F1E-A45B-9F5FF0AA3EE0}.Debug|Any CPU.ActiveCfg = Debug|Any CPU
		{85A0ECC5-E5D3-4F1E-A45B-9F5FF0AA3EE0}.Debug|Any CPU.Build.0 = Debug|Any CPU
		{85A0ECC5-E5D3-4F1E-A45B-9F5FF0AA3EE0}.Release|Any CPU.ActiveCfg = Release|Any CPU
		{85A0ECC5-E5D3-4F1E-A45B-9F5FF0AA3EE0}.Release|Any CPU.Build.0 = Release|Any CPU
	EndGlobalSection
	GlobalSection(SolutionProperties) = preSolution
		HideSolutionNode = FALSE
	EndGlobalSection
	GlobalSection(ExtensibilityGlobals) = postSolution
		SolutionGuid = {12B14D5D-2150-472B-BF1A-104B35EF4392}
	EndGlobalSection
EndGlobal
