
Microsoft Visual Studio Solution File, Format Version 12.00
Project("{FAE04EC0-301F-11D3-BF4B-00C04F79EFBC}") = "MyReflection", "MyReflection\MyReflection.csproj", "{A295D59E-869D-4048-9DB1-D4748DEAB75E}"
EndProject
Project("{FAE04EC0-301F-11D3-BF4B-00C04F79EFBC}") = "Project.DB.MySql", "Project.DB.MySql\Project.DB.MySql.csproj", "{A4871924-D93E-46A7-929E-E75073095842}"
EndProject
Global
	GlobalSection(SolutionConfigurationPlatforms) = preSolution
		Debug|Any CPU = Debug|Any CPU
		Release|Any CPU = Release|Any CPU
	EndGlobalSection
	GlobalSection(ProjectConfigurationPlatforms) = postSolution
		{A295D59E-869D-4048-9DB1-D4748DEAB75E}.Debug|Any CPU.ActiveCfg = Debug|Any CPU
		{A295D59E-869D-4048-9DB1-D4748DEAB75E}.Debug|Any CPU.Build.0 = Debug|Any CPU
		{A295D59E-869D-4048-9DB1-D4748DEAB75E}.Release|Any CPU.ActiveCfg = Release|Any CPU
		{A295D59E-869D-4048-9DB1-D4748DEAB75E}.Release|Any CPU.Build.0 = Release|Any CPU
		{A4871924-D93E-46A7-929E-E75073095842}.Debug|Any CPU.ActiveCfg = Debug|Any CPU
		{A4871924-D93E-46A7-929E-E75073095842}.Debug|Any CPU.Build.0 = Debug|Any CPU
		{A4871924-D93E-46A7-929E-E75073095842}.Release|Any CPU.ActiveCfg = Release|Any CPU
		{A4871924-D93E-46A7-929E-E75073095842}.Release|Any CPU.Build.0 = Release|Any CPU
	EndGlobalSection
EndGlobal
