
Microsoft Visual Studio Solution File, Format Version 12.00
Project("{FAE04EC0-301F-11D3-BF4B-00C04F79EFBC}") = "MyAttribute", "MyAttribute\MyAttribute.csproj", "{199D32E4-EE2F-4A2C-9902-FEB907B2E50C}"
EndProject
Global
	GlobalSection(SolutionConfigurationPlatforms) = preSolution
		Debug|Any CPU = Debug|Any CPU
		Release|Any CPU = Release|Any CPU
	EndGlobalSection
	GlobalSection(ProjectConfigurationPlatforms) = postSolution
		{199D32E4-EE2F-4A2C-9902-FEB907B2E50C}.Debug|Any CPU.ActiveCfg = Debug|Any CPU
		{199D32E4-EE2F-4A2C-9902-FEB907B2E50C}.Debug|Any CPU.Build.0 = Debug|Any CPU
		{199D32E4-EE2F-4A2C-9902-FEB907B2E50C}.Release|Any CPU.ActiveCfg = Release|Any CPU
		{199D32E4-EE2F-4A2C-9902-FEB907B2E50C}.Release|Any CPU.Build.0 = Release|Any CPU
	EndGlobalSection
EndGlobal
